{
  "name": "no-name-set",
  "lockfileVersion": 2,
  "requires": true,
  "packages": {
    "": {
      "dependencies": {
        "@dataform/core": "latest"
      }
    },
    "node_modules/@dataform/core": {
      "version": "3.0.54",
      "resolved": "https://registry.npmjs.org/@dataform/core/-/core-3.0.54.tgz",
      "integrity": "sha512-X6EInBzZH1o7tZwEI+ze9+7XhwXJS7CNptsVtxlsGaLfN2hrocq1monvpvS61iNbziErZjPZaSW+2FDASFv8mQ=="
    }
  },
  "dependencies": {
    "@dataform/core": {
      "version": "3.0.54",
      "resolved": "https://registry.npmjs.org/@dataform/core/-/core-3.0.54.tgz",
      "integrity": "sha512-X6EInBzZH1o7tZwEI+ze9+7XhwXJS7CNptsVtxlsGaLfN2hrocq1monvpvS61iNbziErZjPZaSW+2FDASFv8mQ=="
    }
  }
}
